// !$*UTF8*$!
{
	archiveVersion = 1;
	classes = {
	};
	objectVersion = 56;
	objects = {

/* Begin PBXBuildFile section */
		55196F252BCCFC3B0097E2CF /* String+Extensions.swift in Sources */ = {isa = PBXBuildFile; fileRef = 55196F242BCCFC3B0097E2CF /* String+Extensions.swift */; };
		5589293F2BBE847200DE6957 /* SignupViewModel.swift in Sources */ = {isa = PBXBuildFile; fileRef = 5589293E2BBE847200DE6957 /* SignupViewModel.swift */; };
		558929432BBE87DF00DE6957 /* InputTextFieldWithInlineError.swift in Sources */ = {isa = PBXBuildFile; fileRef = 558929422BBE87DF00DE6957 /* InputTextFieldWithInlineError.swift */; };
		55F136922BBE72620079B5BC /* GroceryShopperApp.swift in Sources */ = {isa = PBXBuildFile; fileRef = 55F136912BBE72620079B5BC /* GroceryShopperApp.swift */; };
		55F136942BBE72620079B5BC /* SignupView.swift in Sources */ = {isa = PBXBuildFile; fileRef = 55F136932BBE72620079B5BC /* SignupView.swift */; };
		55F136962BBE72660079B5BC /* Assets.xcassets in Resources */ = {isa = PBXBuildFile; fileRef = 55F136952BBE72660079B5BC /* Assets.xcassets */; };
		55F136992BBE72660079B5BC /* Preview Assets.xcassets in Resources */ = {isa = PBXBuildFile; fileRef = 55F136982BBE72660079B5BC /* Preview Assets.xcassets */; };
		55F136A12BBE73080079B5BC /* CustomColorCodes.swift in Sources */ = {isa = PBXBuildFile; fileRef = 55F136A02BBE73080079B5BC /* CustomColorCodes.swift */; };
		55F136A42BBE76560079B5BC /* CustomFonts.swift in Sources */ = {isa = PBXBuildFile; fileRef = 55F136A32BBE76560079B5BC /* CustomFonts.swift */; };
/* End PBXBuildFile section */

/* Begin PBXFileReference section */
		55196F242BCCFC3B0097E2CF /* String+Extensions.swift */ = {isa = PBXFileReference; lastKnownFileType = sourcecode.swift; path = "String+Extensions.swift"; sourceTree = "<group>"; };
		5589293E2BBE847200DE6957 /* SignupViewModel.swift */ = {isa = PBXFileReference; lastKnownFileType = sourcecode.swift; path = SignupViewModel.swift; sourceTree = "<group>"; };
		558929422BBE87DF00DE6957 /* InputTextFieldWithInlineError.swift */ = {isa = PBXFileReference; lastKnownFileType = sourcecode.swift; path = InputTextFieldWithInlineError.swift; sourceTree = "<group>"; };
		55F1368E2BBE72610079B5BC /* GroceryShopper.app */ = {isa = PBXFileReference; explicitFileType = wrapper.application; includeInIndex = 0; path = GroceryShopper.app; sourceTree = BUILT_PRODUCTS_DIR; };
		55F136912BBE72620079B5BC /* GroceryShopperApp.swift */ = {isa = PBXFileReference; lastKnownFileType = sourcecode.swift; path = GroceryShopperApp.swift; sourceTree = "<group>"; };
		55F136932BBE72620079B5BC /* SignupView.swift */ = {isa = PBXFileReference; lastKnownFileType = sourcecode.swift; path = SignupView.swift; sourceTree = "<group>"; };
		55F136952BBE72660079B5BC /* Assets.xcassets */ = {isa = PBXFileReference; lastKnownFileType = folder.assetcatalog; path = Assets.xcassets; sourceTree = "<group>"; };
		55F136982BBE72660079B5BC /* Preview Assets.xcassets */ = {isa = PBXFileReference; lastKnownFileType = folder.assetcatalog; path = "Preview Assets.xcassets"; sourceTree = "<group>"; };
		55F136A02BBE73080079B5BC /* CustomColorCodes.swift */ = {isa = PBXFileReference; lastKnownFileType = sourcecode.swift; path = CustomColorCodes.swift; sourceTree = "<group>"; };
		55F136A32BBE76560079B5BC /* CustomFonts.swift */ = {isa = PBXFileReference; lastKnownFileType = sourcecode.swift; path = CustomFonts.swift; sourceTree = "<group>"; };
/* End PBXFileReference section */

/* Begin PBXFrameworksBuildPhase section */
		55F1368B2BBE72610079B5BC /* Frameworks */ = {
			isa = PBXFrameworksBuildPhase;
			buildActionMask = 2147483647;
			files = (
			);
			runOnlyForDeploymentPostprocessing = 0;
		};
/* End PBXFrameworksBuildPhase section */

/* Begin PBXGroup section */
		5589293D2BBE844F00DE6957 /* ViewModel */ = {
			isa = PBXGroup;
			children = (
				5589293E2BBE847200DE6957 /* SignupViewModel.swift */,
			);
			path = ViewModel;
			sourceTree = "<group>";
		};
		558929402BBE87C100DE6957 /* Views */ = {
			isa = PBXGroup;
			children = (
				558929412BBE87CB00DE6957 /* CustomControls */,
			);
			path = Views;
			sourceTree = "<group>";
		};
		558929412BBE87CB00DE6957 /* CustomControls */ = {
			isa = PBXGroup;
			children = (
				558929422BBE87DF00DE6957 /* InputTextFieldWithInlineError.swift */,
			);
			path = CustomControls;
			sourceTree = "<group>";
		};
		55F136852BBE72610079B5BC = {
			isa = PBXGroup;
			children = (
				55F136902BBE72610079B5BC /* GroceryShopper */,
				55F1368F2BBE72610079B5BC /* Products */,
			);
			sourceTree = "<group>";
		};
		55F1368F2BBE72610079B5BC /* Products */ = {
			isa = PBXGroup;
			children = (
				55F1368E2BBE72610079B5BC /* GroceryShopper.app */,
			);
			name = Products;
			sourceTree = "<group>";
		};
		55F136902BBE72610079B5BC /* GroceryShopper */ = {
			isa = PBXGroup;
			children = (
				558929402BBE87C100DE6957 /* Views */,
				5589293D2BBE844F00DE6957 /* ViewModel */,
				55F136A22BBE744C0079B5BC /* Extensions */,
				55F1369F2BBE72A60079B5BC /* Model */,
				55F136912BBE72620079B5BC /* GroceryShopperApp.swift */,
				55F136932BBE72620079B5BC /* SignupView.swift */,
				55F136952BBE72660079B5BC /* Assets.xcassets */,
				55F136972BBE72660079B5BC /* Preview Content */,
			);
			path = GroceryShopper;
			sourceTree = "<group>";
		};
		55F136972BBE72660079B5BC /* Preview Content */ = {
			isa = PBXGroup;
			children = (
				55F136982BBE72660079B5BC /* Preview Assets.xcassets */,
			);
			path = "Preview Content";
			sourceTree = "<group>";
		};
		55F1369F2BBE72A60079B5BC /* Model */ = {
			isa = PBXGroup;
			children = (
			);
			path = Model;
			sourceTree = "<group>";
		};
		55F136A22BBE744C0079B5BC /* Extensions */ = {
			isa = PBXGroup;
			children = (
				55F136A02BBE73080079B5BC /* CustomColorCodes.swift */,
				55F136A32BBE76560079B5BC /* CustomFonts.swift */,
				55196F242BCCFC3B0097E2CF /* String+Extensions.swift */,
			);
			path = Extensions;
			sourceTree = "<group>";
		};
/* End PBXGroup section */

/* Begin PBXNativeTarget section */
		55F1368D2BBE72610079B5BC /* GroceryShopper */ = {
			isa = PBXNativeTarget;
			buildConfigurationList = 55F1369C2BBE72660079B5BC /* Build configuration list for PBXNativeTarget "GroceryShopper" */;
			buildPhases = (
				55F1368A2BBE72610079B5BC /* Sources */,
				55F1368B2BBE72610079B5BC /* Frameworks */,
				55F1368C2BBE72610079B5BC /* Resources */,
			);
			buildRules = (
			);
			dependencies = (
			);
			name = GroceryShopper;
			productName = GroceryShopper;
			productReference = 55F1368E2BBE72610079B5BC /* GroceryShopper.app */;
			productType = "com.apple.product-type.application";
		};
/* End PBXNativeTarget section */

/* Begin PBXProject section */
		55F136862BBE72610079B5BC /* Project object */ = {
			isa = PBXProject;
			attributes = {
				BuildIndependentTargetsInParallel = 1;
				LastSwiftUpdateCheck = 1530;
				LastUpgradeCheck = 1530;
				TargetAttributes = {
					55F1368D2BBE72610079B5BC = {
						CreatedOnToolsVersion = 15.3;
					};
				};
			};
			buildConfigurationList = 55F136892BBE72610079B5BC /* Build configuration list for PBXProject "GroceryShopper" */;
			compatibilityVersion = "Xcode 14.0";
			developmentRegion = en;
			hasScannedForEncodings = 0;
			knownRegions = (
				en,
				Base,
			);
			mainGroup = 55F136852BBE72610079B5BC;
			productRefGroup = 55F1368F2BBE72610079B5BC /* Products */;
			projectDirPath = "";
			projectRoot = "";
			targets = (
				55F1368D2BBE72610079B5BC /* GroceryShopper */,
			);
		};
/* End PBXProject section */

/* Begin PBXResourcesBuildPhase section */
		55F1368C2BBE72610079B5BC /* Resources */ = {
			isa = PBXResourcesBuildPhase;
			buildActionMask = 2147483647;
			files = (
				55F136992BBE72660079B5BC /* Preview Assets.xcassets in Resources */,
				55F136962BBE72660079B5BC /* Assets.xcassets in Resources */,
			);
			runOnlyForDeploymentPostprocessing = 0;
		};
/* End PBXResourcesBuildPhase section */

/* Begin PBXSourcesBuildPhase section */
		55F1368A2BBE72610079B5BC /* Sources */ = {
			isa = PBXSourcesBuildPhase;
			buildActionMask = 2147483647;
			files = (
				55F136A12BBE73080079B5BC /* CustomColorCodes.swift in Sources */,
				55196F252BCCFC3B0097E2CF /* String+Extensions.swift in Sources */,
				5589293F2BBE847200DE6957 /* SignupViewModel.swift in Sources */,
				55F136A42BBE76560079B5BC /* CustomFonts.swift in Sources */,
				55F136942BBE72620079B5BC /* SignupView.swift in Sources */,
				558929432BBE87DF00DE6957 /* InputTextFieldWithInlineError.swift in Sources */,
				55F136922BBE72620079B5BC /* GroceryShopperApp.swift in Sources */,
			);
			runOnlyForDeploymentPostprocessing = 0;
		};
/* End PBXSourcesBuildPhase section */

/* Begin XCBuildConfiguration section */
		55F1369A2BBE72660079B5BC /* Debug */ = {
			isa = XCBuildConfiguration;
			buildSettings = {
				ALWAYS_SEARCH_USER_PATHS = NO;
				ASSETCATALOG_COMPILER_GENERATE_SWIFT_ASSET_SYMBOL_EXTENSIONS = YES;
				CLANG_ANALYZER_NONNULL = YES;
				CLANG_ANALYZER_NUMBER_OBJECT_CONVERSION = YES_AGGRESSIVE;
				CLANG_CXX_LANGUAGE_STANDARD = "gnu++20";
				CLANG_ENABLE_MODULES = YES;
				CLANG_ENABLE_OBJC_ARC = YES;
				CLANG_ENABLE_OBJC_WEAK = YES;
				CLANG_WARN_BLOCK_CAPTURE_AUTORELEASING = YES;
				CLANG_WARN_BOOL_CONVERSION = YES;
				CLANG_WARN_COMMA = YES;
				CLANG_WARN_CONSTANT_CONVERSION = YES;
				CLANG_WARN_DEPRECATED_OBJC_IMPLEMENTATIONS = YES;
				CLANG_WARN_DIRECT_OBJC_ISA_USAGE = YES_ERROR;
				CLANG_WARN_DOCUMENTATION_COMMENTS = YES;
				CLANG_WARN_EMPTY_BODY = YES;
				CLANG_WARN_ENUM_CONVERSION = YES;
				CLANG_WARN_INFINITE_RECURSION = YES;
				CLANG_WARN_INT_CONVERSION = YES;
				CLANG_WARN_NON_LITERAL_NULL_CONVERSION = YES;
				CLANG_WARN_OBJC_IMPLICIT_RETAIN_SELF = YES;
				CLANG_WARN_OBJC_LITERAL_CONVERSION = YES;
				CLANG_WARN_OBJC_ROOT_CLASS = YES_ERROR;
				CLANG_WARN_QUOTED_INCLUDE_IN_FRAMEWORK_HEADER = YES;
				CLANG_WARN_RANGE_LOOP_ANALYSIS = YES;
				CLANG_WARN_STRICT_PROTOTYPES = YES;
				CLANG_WARN_SUSPICIOUS_MOVE = YES;
				CLANG_WARN_UNGUARDED_AVAILABILITY = YES_AGGRESSIVE;
				CLANG_WARN_UNREACHABLE_CODE = YES;
				CLANG_WARN__DUPLICATE_METHOD_MATCH = YES;
				COPY_PHASE_STRIP = NO;
				DEBUG_INFORMATION_FORMAT = dwarf;
				ENABLE_STRICT_OBJC_MSGSEND = YES;
				ENABLE_TESTABILITY = YES;
				ENABLE_USER_SCRIPT_SANDBOXING = YES;
				GCC_C_LANGUAGE_STANDARD = gnu17;
				GCC_DYNAMIC_NO_PIC = NO;
				GCC_NO_COMMON_BLOCKS = YES;
				GCC_OPTIMIZATION_LEVEL = 0;
				GCC_PREPROCESSOR_DEFINITIONS = (
					"DEBUG=1",
					"$(inherited)",
				);
				GCC_WARN_64_TO_32_BIT_CONVERSION = YES;
				GCC_WARN_ABOUT_RETURN_TYPE = YES_ERROR;
				GCC_WARN_UNDECLARED_SELECTOR = YES;
				GCC_WARN_UNINITIALIZED_AUTOS = YES_AGGRESSIVE;
				GCC_WARN_UNUSED_FUNCTION = YES;
				GCC_WARN_UNUSED_VARIABLE = YES;
				IPHONEOS_DEPLOYMENT_TARGET = 17.4;
				LOCALIZATION_PREFERS_STRING_CATALOGS = YES;
				MTL_ENABLE_DEBUG_INFO = INCLUDE_SOURCE;
				MTL_FAST_MATH = YES;
				ONLY_ACTIVE_ARCH = YES;
				SDKROOT = iphoneos;
				SWIFT_ACTIVE_COMPILATION_CONDITIONS = "DEBUG $(inherited)";
				SWIFT_OPTIMIZATION_LEVEL = "-Onone";
			};
			name = Debug;
		};
		55F1369B2BBE72660079B5BC /* Release */ = {
			isa = XCBuildConfiguration;
			buildSettings = {
				ALWAYS_SEARCH_USER_PATHS = NO;
				ASSETCATALOG_COMPILER_GENERATE_SWIFT_ASSET_SYMBOL_EXTENSIONS = YES;
				CLANG_ANALYZER_NONNULL = YES;
				CLANG_ANALYZER_NUMBER_OBJECT_CONVERSION = YES_AGGRESSIVE;
				CLANG_CXX_LANGUAGE_STANDARD = "gnu++20";
				CLANG_ENABLE_MODULES = YES;
				CLANG_ENABLE_OBJC_ARC = YES;
				CLANG_ENABLE_OBJC_WEAK = YES;
				CLANG_WARN_BLOCK_CAPTURE_AUTORELEASING = YES;
				CLANG_WARN_BOOL_CONVERSION = YES;
				CLANG_WARN_COMMA = YES;
				CLANG_WARN_CONSTANT_CONVERSION = YES;
				CLANG_WARN_DEPRECATED_OBJC_IMPLEMENTATIONS = YES;
				CLANG_WARN_DIRECT_OBJC_ISA_USAGE = YES_ERROR;
				CLANG_WARN_DOCUMENTATION_COMMENTS = YES;
				CLANG_WARN_EMPTY_BODY = YES;
				CLANG_WARN_ENUM_CONVERSION = YES;
				CLANG_WARN_INFINITE_RECURSION = YES;
				CLANG_WARN_INT_CONVERSION = YES;
				CLANG_WARN_NON_LITERAL_NULL_CONVERSION = YES;
				CLANG_WARN_OBJC_IMPLICIT_RETAIN_SELF = YES;
				CLANG_WARN_OBJC_LITERAL_CONVERSION = YES;
				CLANG_WARN_OBJC_ROOT_CLASS = YES_ERROR;
				CLANG_WARN_QUOTED_INCLUDE_IN_FRAMEWORK_HEADER = YES;
				CLANG_WARN_RANGE_LOOP_ANALYSIS = YES;
				CLANG_WARN_STRICT_PROTOTYPES = YES;
				CLANG_WARN_SUSPICIOUS_MOVE = YES;
				CLANG_WARN_UNGUARDED_AVAILABILITY = YES_AGGRESSIVE;
				CLANG_WARN_UNREACHABLE_CODE = YES;
				CLANG_WARN__DUPLICATE_METHOD_MATCH = YES;
				COPY_PHASE_STRIP = NO;
				DEBUG_INFORMATION_FORMAT = "dwarf-with-dsym";
				ENABLE_NS_ASSERTIONS = NO;
				ENABLE_STRICT_OBJC_MSGSEND = YES;
				ENABLE_USER_SCRIPT_SANDBOXING = YES;
				GCC_C_LANGUAGE_STANDARD = gnu17;
				GCC_NO_COMMON_BLOCKS = YES;
				GCC_WARN_64_TO_32_BIT_CONVERSION = YES;
				GCC_WARN_ABOUT_RETURN_TYPE = YES_ERROR;
				GCC_WARN_UNDECLARED_SELECTOR = YES;
				GCC_WARN_UNINITIALIZED_AUTOS = YES_AGGRESSIVE;
				GCC_WARN_UNUSED_FUNCTION = YES;
				GCC_WARN_UNUSED_VARIABLE = YES;
				IPHONEOS_DEPLOYMENT_TARGET = 17.4;
				LOCALIZATION_PREFERS_STRING_CATALOGS = YES;
				MTL_ENABLE_DEBUG_INFO = NO;
				MTL_FAST_MATH = YES;
				SDKROOT = iphoneos;
				SWIFT_COMPILATION_MODE = wholemodule;
				VALIDATE_PRODUCT = YES;
			};
			name = Release;
		};
		55F1369D2BBE72660079B5BC /* Debug */ = {
			isa = XCBuildConfiguration;
			buildSettings = {
				ASSETCATALOG_COMPILER_APPICON_NAME = AppIcon;
				ASSETCATALOG_COMPILER_GLOBAL_ACCENT_COLOR_NAME = AccentColor;
				CODE_SIGN_STYLE = Automatic;
				CURRENT_PROJECT_VERSION = 1;
				DEVELOPMENT_ASSET_PATHS = "\"GroceryShopper/Preview Content\"";
				DEVELOPMENT_TEAM = 697KD42Z5Z;
				ENABLE_PREVIEWS = YES;
				GENERATE_INFOPLIST_FILE = YES;
				INFOPLIST_KEY_UIApplicationSceneManifest_Generation = YES;
				INFOPLIST_KEY_UIApplicationSupportsIndirectInputEvents = YES;
				INFOPLIST_KEY_UILaunchScreen_Generation = YES;
				INFOPLIST_KEY_UISupportedInterfaceOrientations_iPad = "UIInterfaceOrientationPortrait UIInterfaceOrientationPortraitUpsideDown UIInterfaceOrientationLandscapeLeft UIInterfaceOrientationLandscapeRight";
				INFOPLIST_KEY_UISupportedInterfaceOrientations_iPhone = "UIInterfaceOrientationPortrait UIInterfaceOrientationLandscapeLeft UIInterfaceOrientationLandscapeRight";
				LD_RUNPATH_SEARCH_PATHS = (
					"$(inherited)",
					"@executable_path/Frameworks",
				);
				MARKETING_VERSION = 1.0;
				PRODUCT_BUNDLE_IDENTIFIER = codeChallenge.GroceryShopper;
				PRODUCT_NAME = "$(TARGET_NAME)";
				SWIFT_EMIT_LOC_STRINGS = YES;
				SWIFT_VERSION = 5.0;
				TARGETED_DEVICE_FAMILY = "1,2";
			};
			name = Debug;
		};
		55F1369E2BBE72660079B5BC /* Release */ = {
			isa = XCBuildConfiguration;
			buildSettings = {
				ASSETCATALOG_COMPILER_APPICON_NAME = AppIcon;
				ASSETCATALOG_COMPILER_GLOBAL_ACCENT_COLOR_NAME = AccentColor;
				CODE_SIGN_STYLE = Automatic;
				CURRENT_PROJECT_VERSION = 1;
				DEVELOPMENT_ASSET_PATHS = "\"GroceryShopper/Preview Content\"";
				DEVELOPMENT_TEAM = 697KD42Z5Z;
				ENABLE_PREVIEWS = YES;
				GENERATE_INFOPLIST_FILE = YES;
				INFOPLIST_KEY_UIApplicationSceneManifest_Generation = YES;
				INFOPLIST_KEY_UIApplicationSupportsIndirectInputEvents = YES;
				INFOPLIST_KEY_UILaunchScreen_Generation = YES;
				INFOPLIST_KEY_UISupportedInterfaceOrientations_iPad = "UIInterfaceOrientationPortrait UIInterfaceOrientationPortraitUpsideDown UIInterfaceOrientationLandscapeLeft UIInterfaceOrientationLandscapeRight";
				INFOPLIST_KEY_UISupportedInterfaceOrientations_iPhone = "UIInterfaceOrientationPortrait UIInterfaceOrientationLandscapeLeft UIInterfaceOrientationLandscapeRight";
				LD_RUNPATH_SEARCH_PATHS = (
					"$(inherited)",
					"@executable_path/Frameworks",
				);
				MARKETING_VERSION = 1.0;
				PRODUCT_BUNDLE_IDENTIFIER = codeChallenge.GroceryShopper;
				PRODUCT_NAME = "$(TARGET_NAME)";
				SWIFT_EMIT_LOC_STRINGS = YES;
				SWIFT_VERSION = 5.0;
				TARGETED_DEVICE_FAMILY = "1,2";
			};
			name = Release;
		};
/* End XCBuildConfiguration section */

/* Begin XCConfigurationList section */
		55F136892BBE72610079B5BC /* Build configuration list for PBXProject "GroceryShopper" */ = {
			isa = XCConfigurationList;
			buildConfigurations = (
				55F1369A2BBE72660079B5BC /* Debug */,
				55F1369B2BBE72660079B5BC /* Release */,
			);
			defaultConfigurationIsVisible = 0;
			defaultConfigurationName = Release;
		};
		55F1369C2BBE72660079B5BC /* Build configuration list for PBXNativeTarget "GroceryShopper" */ = {
			isa = XCConfigurationList;
			buildConfigurations = (
				55F1369D2BBE72660079B5BC /* Debug */,
				55F1369E2BBE72660079B5BC /* Release */,
			);
			defaultConfigurationIsVisible = 0;
			defaultConfigurationName = Release;
		};
/* End XCConfigurationList section */
	};
	rootObject = 55F136862BBE72610079B5BC /* Project object */;
}
